
Microsoft Visual Studio Solution File, Format Version 12.00
# Visual Studio Version 17
VisualStudioVersion = 17.4.33103.184
MinimumVisualStudioVersion = 10.0.40219.1
Project("{FAE04EC0-301F-11D3-BF4B-00C04F79EFBC}") = "WinterLab2", "WinterLab2\WinterLab2.csproj", "{14657DF6-A4EB-492D-BBAA-C1A04875C9DE}"
EndProject
Global
	GlobalSection(SolutionConfigurationPlatforms) = preSolution
		Debug|Any CPU = Debug|Any CPU
		Release|Any CPU = Release|Any CPU
	EndGlobalSection
	GlobalSection(ProjectConfigurationPlatforms) = postSolution
		{14657DF6-A4EB-492D-BBAA-C1A04875C9DE}.Debug|Any CPU.ActiveCfg = Debug|Any CPU
		{14657DF6-A4EB-492D-BBAA-C1A04875C9DE}.Debug|Any CPU.Build.0 = Debug|Any CPU
		{14657DF6-A4EB-492D-BBAA-C1A04875C9DE}.Release|Any CPU.ActiveCfg = Release|Any CPU
		{14657DF6-A4EB-492D-BBAA-C1A04875C9DE}.Release|Any CPU.Build.0 = Release|Any CPU
	EndGlobalSection
	GlobalSection(SolutionProperties) = preSolution
		HideSolutionNode = FALSE
	EndGlobalSection
	GlobalSection(ExtensibilityGlobals) = postSolution
		SolutionGuid = {265E8054-43B9-47B7-84BF-4CC932E4A2EE}
	EndGlobalSection
EndGlobal
